
Microsoft Visual Studio Solution File, Format Version 12.00
# Visual Studio Version 16
VisualStudioVersion = 16.0.31613.86
MinimumVisualStudioVersion = 10.0.40219.1
Project("{FAE04EC0-301F-11D3-BF4B-00C04F79EFBC}") = "SalesWebApi", "SalesWebApi\SalesWebApi.csproj", "{B3C21343-DC52-4903-9AAC-96B547B59C65}"
EndProject
Global
	GlobalSection(SolutionConfigurationPlatforms) = preSolution
		Debug|Any CPU = Debug|Any CPU
		Release|Any CPU = Release|Any CPU
	EndGlobalSection
	GlobalSection(ProjectConfigurationPlatforms) = postSolution
		{B3C21343-DC52-4903-9AAC-96B547B59C65}.Debug|Any CPU.ActiveCfg = Debug|Any CPU
		{B3C21343-DC52-4903-9AAC-96B547B59C65}.Debug|Any CPU.Build.0 = Debug|Any CPU
		{B3C21343-DC52-4903-9AAC-96B547B59C65}.Release|Any CPU.ActiveCfg = Release|Any CPU
		{B3C21343-DC52-4903-9AAC-96B547B59C65}.Release|Any CPU.Build.0 = Release|Any CPU
	EndGlobalSection
	GlobalSection(SolutionProperties) = preSolution
		HideSolutionNode = FALSE
	EndGlobalSection
	GlobalSection(ExtensibilityGlobals) = postSolution
		SolutionGuid = {EEB38C36-69A8-4557-AE22-40BF7FAB57D2}
	EndGlobalSection
EndGlobal
